
Microsoft Visual Studio Solution File, Format Version 12.00
# Visual Studio Version 16
VisualStudioVersion = 16.0.29509.3
MinimumVisualStudioVersion = 10.0.40219.1
Project("{FAE04EC0-301F-11D3-BF4B-00C04F79EFBC}") = "ñ", "ñ\ñ.csproj", "{768AAAE5-159C-4F17-91C7-86E2FA35C430}"
EndProject
Global
	GlobalSection(SolutionConfigurationPlatforms) = preSolution
		Debug|Any CPU = Debug|Any CPU
		Release|Any CPU = Release|Any CPU
	EndGlobalSection
	GlobalSection(ProjectConfigurationPlatforms) = postSolution
		{768AAAE5-159C-4F17-91C7-86E2FA35C430}.Debug|Any CPU.ActiveCfg = Debug|Any CPU
		{768AAAE5-159C-4F17-91C7-86E2FA35C430}.Debug|Any CPU.Build.0 = Debug|Any CPU
		{768AAAE5-159C-4F17-91C7-86E2FA35C430}.Release|Any CPU.ActiveCfg = Release|Any CPU
		{768AAAE5-159C-4F17-91C7-86E2FA35C430}.Release|Any CPU.Build.0 = Release|Any CPU
	EndGlobalSection
	GlobalSection(SolutionProperties) = preSolution
		HideSolutionNode = FALSE
	EndGlobalSection
	GlobalSection(ExtensibilityGlobals) = postSolution
		SolutionGuid = {D14E5C0F-8D56-4071-B5BD-114285725C47}
	EndGlobalSection
EndGlobal
